
Microsoft Visual Studio Solution File, Format Version 12.00
Project("{FAE04EC0-301F-11D3-BF4B-00C04F79EFBC}") = "Rocket", "Rocket.csproj", "{8BA87F98-BB0A-42E0-BBA1-F62B7B691F98}"
EndProject
Project("{FAE04EC0-301F-11D3-BF4B-00C04F79EFBC}") = "RocketTests", "RocketTests\RocketTests.csproj", "{D699C26E-746F-44DD-A664-6AF96F676F15}"
EndProject
Global
	GlobalSection(SolutionConfigurationPlatforms) = preSolution
		Debug|Any CPU = Debug|Any CPU
		Release|Any CPU = Release|Any CPU
	EndGlobalSection
	GlobalSection(ProjectConfigurationPlatforms) = postSolution
		{8BA87F98-BB0A-42E0-BBA1-F62B7B691F98}.Debug|Any CPU.ActiveCfg = Debug|Any CPU
		{8BA87F98-BB0A-42E0-BBA1-F62B7B691F98}.Debug|Any CPU.Build.0 = Debug|Any CPU
		{8BA87F98-BB0A-42E0-BBA1-F62B7B691F98}.Release|Any CPU.ActiveCfg = Release|Any CPU
		{8BA87F98-BB0A-42E0-BBA1-F62B7B691F98}.Release|Any CPU.Build.0 = Release|Any CPU
		{D699C26E-746F-44DD-A664-6AF96F676F15}.Debug|Any CPU.ActiveCfg = Debug|Any CPU
		{D699C26E-746F-44DD-A664-6AF96F676F15}.Debug|Any CPU.Build.0 = Debug|Any CPU
		{D699C26E-746F-44DD-A664-6AF96F676F15}.Release|Any CPU.ActiveCfg = Release|Any CPU
		{D699C26E-746F-44DD-A664-6AF96F676F15}.Release|Any CPU.Build.0 = Release|Any CPU
	EndGlobalSection
EndGlobal
